
Microsoft Visual Studio Solution File, Format Version 12.00
# Visual Studio Version 17
VisualStudioVersion = 17.3.32922.545
MinimumVisualStudioVersion = 10.0.40219.1
Project("{9A19103F-16F7-4668-BE54-9A1E7A4F7556}") = "ScheduleBrewClasses", "ScheduleBrewClasses\ScheduleBrewClasses.csproj", "{850A7BDB-1767-4298-952F-D45AB894E2BF}"
EndProject
Project("{FAE04EC0-301F-11D3-BF4B-00C04F79EFBC}") = "ScheduleBrewTests", "ScheduleBrewTests\ScheduleBrewTests.csproj", "{79690655-ED3B-4F2C-8429-A5772631979D}"
EndProject
Project("{FAE04EC0-301F-11D3-BF4B-00C04F79EFBC}") = "schedulebrew-api", "schedulebrew-api\schedulebrew-api.csproj", "{14DBA1AF-5549-4DB6-AAA0-EF7B8CB6EA1A}"
EndProject
Project("{FAE04EC0-301F-11D3-BF4B-00C04F79EFBC}") = "schedbrew-api", "schedbrew-api\schedbrew-api.csproj", "{6E8AF0D4-3CF0-46F8-82BC-BB67E18A8CFC}"
EndProject
Global
	GlobalSection(SolutionConfigurationPlatforms) = preSolution
		Debug|Any CPU = Debug|Any CPU
		Release|Any CPU = Release|Any CPU
	EndGlobalSection
	GlobalSection(ProjectConfigurationPlatforms) = postSolution
		{850A7BDB-1767-4298-952F-D45AB894E2BF}.Debug|Any CPU.ActiveCfg = Debug|Any CPU
		{850A7BDB-1767-4298-952F-D45AB894E2BF}.Debug|Any CPU.Build.0 = Debug|Any CPU
		{850A7BDB-1767-4298-952F-D45AB894E2BF}.Release|Any CPU.ActiveCfg = Release|Any CPU
		{850A7BDB-1767-4298-952F-D45AB894E2BF}.Release|Any CPU.Build.0 = Release|Any CPU
		{79690655-ED3B-4F2C-8429-A5772631979D}.Debug|Any CPU.ActiveCfg = Debug|Any CPU
		{79690655-ED3B-4F2C-8429-A5772631979D}.Debug|Any CPU.Build.0 = Debug|Any CPU
		{79690655-ED3B-4F2C-8429-A5772631979D}.Release|Any CPU.ActiveCfg = Release|Any CPU
		{79690655-ED3B-4F2C-8429-A5772631979D}.Release|Any CPU.Build.0 = Release|Any CPU
		{14DBA1AF-5549-4DB6-AAA0-EF7B8CB6EA1A}.Debug|Any CPU.ActiveCfg = Debug|Any CPU
		{14DBA1AF-5549-4DB6-AAA0-EF7B8CB6EA1A}.Debug|Any CPU.Build.0 = Debug|Any CPU
		{14DBA1AF-5549-4DB6-AAA0-EF7B8CB6EA1A}.Release|Any CPU.ActiveCfg = Release|Any CPU
		{14DBA1AF-5549-4DB6-AAA0-EF7B8CB6EA1A}.Release|Any CPU.Build.0 = Release|Any CPU
		{6E8AF0D4-3CF0-46F8-82BC-BB67E18A8CFC}.Debug|Any CPU.ActiveCfg = Debug|Any CPU
		{6E8AF0D4-3CF0-46F8-82BC-BB67E18A8CFC}.Debug|Any CPU.Build.0 = Debug|Any CPU
		{6E8AF0D4-3CF0-46F8-82BC-BB67E18A8CFC}.Release|Any CPU.ActiveCfg = Release|Any CPU
		{6E8AF0D4-3CF0-46F8-82BC-BB67E18A8CFC}.Release|Any CPU.Build.0 = Release|Any CPU
	EndGlobalSection
	GlobalSection(SolutionProperties) = preSolution
		HideSolutionNode = FALSE
	EndGlobalSection
	GlobalSection(ExtensibilityGlobals) = postSolution
		SolutionGuid = {D1CE26C9-609F-4C0C-B59D-7FDE9E5A024B}
	EndGlobalSection
EndGlobal
